{
  "name": "negahm-devtools",
  "lockfileVersion": 3,
  "requires": true,
  "packages": {
    "": {
      "name": "negahm-devtools",
      "dependencies": {
        "@php-wasm/node": "3.1.53",
        "@php-wasm/universal": "3.1.53",
        "puppeteer": "^25.10.0"
      }
    },
    "node_modules/@nodable/entities": {
      "version": "3.0.0",
      "resolved": "https://registry.npmjs.org/@nodable/entities/-/entities-3.0.0.tgz",
      "integrity": "sha512-8L9xFeTYKhm49xfIypoe2W5wV1m/3Z58kT+7kR9A8OyFxcPduI4VmxaUMQyKYrRjUoLLSXv6EKKID5Tvj9cUVw==",
      "funding": [
        {
          "type": "github",
          "url": "https://github.com/sponsors/nodable"
        }
      ],
      "license": "MIT"
    },
    "node_modules/@php-wasm/cli-util": {
      "version": "3.1.53",
      "resolved": "https://registry.npmjs.org/@php-wasm/cli-util/-/cli-util-3.1.53.tgz",
      "integrity": "sha512-Q1o/whl3Om1TnvNfslDprgGhuPjdLP8mNcc2cgHXA44fvb0zea9tKYikkTsZJAUNiWrbzTUJit6lhByqQ9/Jpw==",
      "license": "GPL-2.0-or-later",
      "dependencies": {
        "@php-wasm/util": "3.1.53",
        "fast-xml-parser": "^5.8.0",
        "jsonc-parser": "3.3.1"
      },
      "engines": {
        "node": ">=20.10.0",
        "npm": ">=10.2.3"
      }
    },
    "node_modules/@php-wasm/logger": {
      "version": "3.1.53",
      "resolved": "https://registry.npmjs.org/@php-wasm/logger/-/logger-3.1.53.tgz",
      "integrity": "sha512-0qzKmxKlkjPwEXrOuy00Q3gsHxljrrgXbrsGMj0tqKmu4B8gTJnQB8BbDZA93C3fEDc0gXyxeKvask8FseKfZw==",
      "license": "GPL-2.0-or-later",
      "engines": {
        "node": ">=20.10.0",
        "npm": ">=10.2.3"
      }
    },
    "node_modules/@php-wasm/node": {
      "version": "3.1.53",
      "resolved": "https://registry.npmjs.org/@php-wasm/node/-/node-3.1.53.tgz",
      "integrity": "sha512-43dbVxcq2N0f9DXE0i54WjLYGPySHzfz+IQwZVSLVSDCskKrgUTqhxOfko9LtIVNMZTa+2aVrvjvrp1ZzlJ4vw==",
      "license": "GPL-2.0-or-later",
      "dependencies": {
        "@php-wasm/cli-util": "3.1.53",
        "@php-wasm/logger": "3.1.53",
        "@php-wasm/node-5-2": "3.1.53",
        "@php-wasm/node-7-4": "3.1.53",
        "@php-wasm/node-8-0": "3.1.53",
        "@php-wasm/node-8-1": "3.1.53",
        "@php-wasm/node-8-2": "3.1.53",
        "@php-wasm/node-8-3": "3.1.53",
        "@php-wasm/node-8-4": "3.1.53",
        "@php-wasm/node-8-5": "3.1.53",
        "@php-wasm/universal": "3.1.53",
        "@php-wasm/util": "3.1.53",
        "fs-ext-extra-prebuilt": "2.2.7",
        "wasm-feature-detect": "1.8.0",
        "ws": "8.21.0"
      },
      "engines": {
        "node": ">=20.10.0",
        "npm": ">=10.2.3"
      }
    },
    "node_modules/@php-wasm/node-5-2": {
      "version": "3.1.53",
      "resolved": "https://registry.npmjs.org/@php-wasm/node-5-2/-/node-5-2-3.1.53.tgz",
      "integrity": "sha512-Wbn1Zue5SlC26ejaDTQnFS96SCYFqq8NHH60QB8YAFIRTCUev3gYN14n/v7eZkbD1NyylAJum6RwBtBr6ksdcA==",
      "license": "GPL-2.0-or-later",
      "dependencies": {
        "@php-wasm/universal": "3.1.53",
        "wasm-feature-detect": "1.8.0"
      },
      "engines": {
        "node": ">=20.10.0",
        "npm": ">=10.2.3"
      }
    },
    "node_modules/@php-wasm/node-7-4": {
      "version": "3.1.53",
      "resolved": "https://registry.npmjs.org/@php-wasm/node-7-4/-/node-7-4-3.1.53.tgz",
      "integrity": "sha512-4ffIMlXy6vZnHfkJsBKgm2rQqtiYoWMBZ0D/J1jYaybStZYYLnzqn03kyqgZLfuJfOeuCzfWMDnBUtjpP6JqIA==",
      "license": "GPL-2.0-or-later",
      "dependencies": {
        "@php-wasm/universal": "3.1.53",
        "wasm-feature-detect": "1.8.0"
      },
      "engines": {
        "node": ">=20.10.0",
        "npm": ">=10.2.3"
      }
    },
    "node_modules/@php-wasm/node-8-0": {
      "version": "3.1.53",
      "resolved": "https://registry.npmjs.org/@php-wasm/node-8-0/-/node-8-0-3.1.53.tgz",
      "integrity": "sha512-Ua3VfQWSjhZFXHK5RdVVxgYTQGHIjaLd004jbQh54jDlTcSTOUjRYTRmr06Bqxy7hb34C49J8C/TNuhjAbJiHQ==",
      "license": "GPL-2.0-or-later",
      "dependencies": {
        "@php-wasm/universal": "3.1.53",
        "wasm-feature-detect": "1.8.0"
      },
      "engines": {
        "node": ">=20.10.0",
        "npm": ">=10.2.3"
      }
    },
    "node_modules/@php-wasm/node-8-1": {
      "version": "3.1.53",
      "resolved": "https://registry.npmjs.org/@php-wasm/node-8-1/-/node-8-1-3.1.53.tgz",
      "integrity": "sha512-Tz/xqTFfWmFBMpak8ij8sWlxDOcywkVAr2sG/4RqZmKXDN0AxVk835n2NSFgywweml8y61KyWArA604HTZzswQ==",
      "license": "GPL-2.0-or-later",
      "dependencies": {
        "@php-wasm/universal": "3.1.53",
        "wasm-feature-detect": "1.8.0"
      },
      "engines": {
        "node": ">=20.10.0",
        "npm": ">=10.2.3"
      }
    },
    "node_modules/@php-wasm/node-8-2": {
      "version": "3.1.53",
      "resolved": "https://registry.npmjs.org/@php-wasm/node-8-2/-/node-8-2-3.1.53.tgz",
      "integrity": "sha512-jBymMkweHA4lcZoGLbHeslofVu3xAvna3t/zhHvqsgouDWLpjCP+a2xXVgGDmy5vCnqNbqF8ygQQaUg9yQITjg==",
      "license": "GPL-2.0-or-later",
      "dependencies": {
        "@php-wasm/universal": "3.1.53",
        "wasm-feature-detect": "1.8.0"
      },
      "engines": {
        "node": ">=20.10.0",
        "npm": ">=10.2.3"
      }
    },
    "node_modules/@php-wasm/node-8-3": {
      "version": "3.1.53",
      "resolved": "https://registry.npmjs.org/@php-wasm/node-8-3/-/node-8-3-3.1.53.tgz",
      "integrity": "sha512-u1R4U58uvnjisVfCiFXX909XHE+PIs7bU1NfyuAk9RxRb07T1UgWEgZKQCjT63KUnm1NS+5eMCKiuL+8kbADIw==",
      "license": "GPL-2.0-or-later",
      "dependencies": {
        "@php-wasm/universal": "3.1.53",
        "wasm-feature-detect": "1.8.0"
      },
      "engines": {
        "node": ">=20.10.0",
        "npm": ">=10.2.3"
      }
    },
    "node_modules/@php-wasm/node-8-4": {
      "version": "3.1.53",
      "resolved": "https://registry.npmjs.org/@php-wasm/node-8-4/-/node-8-4-3.1.53.tgz",
      "integrity": "sha512-/6jNdg2NL6TAKXAcsWXOimOx2t+VODQc0OduDQhNCP3Q96ycU6AXSMgberHFFtSoXpWMC5dfz89kRaUMzjoAgQ==",
      "license": "GPL-2.0-or-later",
      "dependencies": {
        "@php-wasm/universal": "3.1.53",
        "wasm-feature-detect": "1.8.0"
      },
      "engines": {
        "node": ">=20.10.0",
        "npm": ">=10.2.3"
      }
    },
    "node_modules/@php-wasm/node-8-5": {
      "version": "3.1.53",
      "resolved": "https://registry.npmjs.org/@php-wasm/node-8-5/-/node-8-5-3.1.53.tgz",
      "integrity": "sha512-ZLr5UB5vXJ04zIdbmlwAzKKmRa5fjpSUtA34r99oJC/GsyitCGLYeec2mcPhMxTcT9JpIHwaYdCyFE1f3pQ8fw==",
      "license": "GPL-2.0-or-later",
      "dependencies": {
        "@php-wasm/universal": "3.1.53",
        "wasm-feature-detect": "1.8.0"
      },
      "engines": {
        "node": ">=20.10.0",
        "npm": ">=10.2.3"
      }
    },
    "node_modules/@php-wasm/progress": {
      "version": "3.1.53",
      "resolved": "https://registry.npmjs.org/@php-wasm/progress/-/progress-3.1.53.tgz",
      "integrity": "sha512-5JD0rohXr8wGW6SJ00hcsEhMzd1Q0nx8iv/TWwbCFVLAWUVg6/KnE09B2rIfbiLAum0g4ojuuSQMedhPBlpWdw==",
      "license": "GPL-2.0-or-later",
      "dependencies": {
        "@php-wasm/logger": "3.1.53"
      },
      "engines": {
        "node": ">=20.10.0",
        "npm": ">=10.2.3"
      }
    },
    "node_modules/@php-wasm/stream-compression": {
      "version": "3.1.53",
      "resolved": "https://registry.npmjs.org/@php-wasm/stream-compression/-/stream-compression-3.1.53.tgz",
      "integrity": "sha512-nJ95ja4L6mC40A6p0zZeYEiUe2PGecLxdbfFVsdSvIcv4mOQ2btPhzitHphBYfBOpl+tYbPWZ9i2M+3jqxffPA==",
      "license": "GPL-2.0-or-later",
      "dependencies": {
        "@php-wasm/util": "3.1.53"
      }
    },
    "node_modules/@php-wasm/universal": {
      "version": "3.1.53",
      "resolved": "https://registry.npmjs.org/@php-wasm/universal/-/universal-3.1.53.tgz",
      "integrity": "sha512-pQIBdxJWmkOkQLRqSL/F1LYZB9aqIVGc6ZEUDo7fLY3dlqzoYgo579ji3gdt+jiCs7DzdWiW57v7f7SbjnW/Ow==",
      "license": "GPL-2.0-or-later",
      "dependencies": {
        "@php-wasm/logger": "3.1.53",
        "@php-wasm/progress": "3.1.53",
        "@php-wasm/stream-compression": "3.1.53",
        "@php-wasm/util": "3.1.53",
        "ini": "4.1.2"
      },
      "engines": {
        "node": ">=20.10.0",
        "npm": ">=10.2.3"
      }
    },
    "node_modules/@php-wasm/util": {
      "version": "3.1.53",
      "resolved": "https://registry.npmjs.org/@php-wasm/util/-/util-3.1.53.tgz",
      "integrity": "sha512-80k5Xpv6GBfYymKFtRWBG66Y/rblHQQiaJZrj0JcGQNLR3z9uO4OIFhTyXCzyAgR82qEfhHPrv8tUchYGfoI4w==",
      "engines": {
        "node": ">=20.10.0",
        "npm": ">=10.2.3"
      }
    },
    "node_modules/@puppeteer/browsers": {
      "version": "3.2.2",
      "resolved": "https://registry.npmjs.org/@puppeteer/browsers/-/browsers-3.2.2.tgz",
      "integrity": "sha512-q2BU4YfO9h/Wt7IcWPcggpOOqLk2Tbs1hDwolvKZrweRjy751OJBKMN9zO5bfD0pzU7X/tvKw/exQds4pM/LOg==",
      "license": "Apache-2.0",
      "dependencies": {
        "modern-tar": "^0.8.4",
        "yargs": "^18.0.0"
      },
      "bin": {
        "browsers": "lib/main-cli.js"
      },
      "engines": {
        "node": ">=22.12.0"
      },
      "peerDependencies": {
        "proxy-agent": ">=8.0.1",
        "yauzl": "^2.10.0 || ^3.4.0"
      },
      "peerDependenciesMeta": {
        "proxy-agent": {
          "optional": true
        },
        "yauzl": {
          "optional": true
        }
      }
    },
    "node_modules/ansi-regex": {
      "version": "6.3.0",
      "resolved": "https://registry.npmjs.org/ansi-regex/-/ansi-regex-6.3.0.tgz",
      "integrity": "sha512-WpDfL7NO6j7tH88IDBNVdUJxDh9nmCteAVW9dsep846XdwF4naCBK+/tGLX3KJgcpgMRXCFlTM2hKGoK9FsdrQ==",
      "license": "MIT",
      "engines": {
        "node": ">=12"
      },
      "funding": {
        "url": "https://github.com/chalk/ansi-regex?sponsor=1"
      }
    },
    "node_modules/ansi-styles": {
      "version": "6.2.3",
      "resolved": "https://registry.npmjs.org/ansi-styles/-/ansi-styles-6.2.3.tgz",
      "integrity": "sha512-4Dj6M28JB+oAH8kFkTLUo+a2jwOFkuqb3yucU0CANcRRUbxS0cP0nZYCGjcc3BNXwRIsUVmDGgzawme7zvJHvg==",
      "license": "MIT",
      "engines": {
        "node": ">=12"
      },
      "funding": {
        "url": "https://github.com/chalk/ansi-styles?sponsor=1"
      }
    },
    "node_modules/anynum": {
      "version": "1.0.1",
      "resolved": "https://registry.npmjs.org/anynum/-/anynum-1.0.1.tgz",
      "integrity": "sha512-N6//FLET/tXYNM/F6ABca1oH6fWB+KlTt909Le28WMDBk8oaT4vY17DCrwg2MvmuqUKt3Ni4N5dGJ/EoBgcO6A==",
      "funding": [
        {
          "type": "github",
          "url": "https://github.com/sponsors/NaturalIntelligence"
        }
      ],
      "license": "MIT"
    },
    "node_modules/chromium-bidi": {
      "version": "17.0.2",
      "resolved": "https://registry.npmjs.org/chromium-bidi/-/chromium-bidi-17.0.2.tgz",
      "integrity": "sha512-5v9GQFhTktFvotn/OFNJBmKLKRAb6n9r0bVCwf7sHgWc3/JryK0bj1nn93L3pHFrfgcsu6Be6EWsDi+1XHTGDg==",
      "license": "Apache-2.0",
      "dependencies": {
        "mitt": "^3.0.1",
        "zod": "^3.24.1"
      },
      "engines": {
        "node": ">=20.19.0 <22.0.0 || >=22.12.0"
      },
      "peerDependencies": {
        "devtools-protocol": "*"
      }
    },
    "node_modules/cliui": {
      "version": "9.0.1",
      "resolved": "https://registry.npmjs.org/cliui/-/cliui-9.0.1.tgz",
      "integrity": "sha512-k7ndgKhwoQveBL+/1tqGJYNz097I7WOvwbmmU2AR5+magtbjPWQTS1C5vzGkBC8Ym8UWRzfKUzUUqFLypY4Q+w==",
      "license": "ISC",
      "dependencies": {
        "string-width": "^7.2.0",
        "strip-ansi": "^7.1.0",
        "wrap-ansi": "^9.0.0"
      },
      "engines": {
        "node": ">=20"
      }
    },
    "node_modules/cliui/node_modules/string-width": {
      "version": "7.2.0",
      "resolved": "https://registry.npmjs.org/string-width/-/string-width-7.2.0.tgz",
      "integrity": "sha512-tsaTIkKW9b4N+AEj+SVA+WhJzV7/zMhcSu78mLKWSk7cXMOSHsBKFWUs0fWwq8QyK3MgJBQRX6Gbi4kYbdvGkQ==",
      "license": "MIT",
      "dependencies": {
        "emoji-regex": "^10.3.0",
        "get-east-asian-width": "^1.0.0",
        "strip-ansi": "^7.1.0"
      },
      "engines": {
        "node": ">=18"
      },
      "funding": {
        "url": "https://github.com/sponsors/sindresorhus"
      }
    },
    "node_modules/devtools-protocol": {
      "version": "0.0.1666840",
      "resolved": "https://registry.npmjs.org/devtools-protocol/-/devtools-protocol-0.0.1666840.tgz",
      "integrity": "sha512-gCcO42XCHKEs7Ag0S7aGYsnJ7hlgrO3qderYqeiY0Eqk+0GFfuvT13IA0hHreJTa2KCdDVyGMeOhdMNmrrTjVg==",
      "license": "BSD-3-Clause"
    },
    "node_modules/emoji-regex": {
      "version": "10.6.0",
      "resolved": "https://registry.npmjs.org/emoji-regex/-/emoji-regex-10.6.0.tgz",
      "integrity": "sha512-toUI84YS5YmxW219erniWD0CIVOo46xGKColeNQRgOzDorgBi1v4D71/OFzgD9GO2UGKIv1C3Sp8DAn0+j5w7A==",
      "license": "MIT"
    },
    "node_modules/escalade": {
      "version": "3.2.0",
      "resolved": "https://registry.npmjs.org/escalade/-/escalade-3.2.0.tgz",
      "integrity": "sha512-WUj2qlxaQtO4g6Pq5c29GTcWGDyd8itL8zTlipgECz3JesAiiOKotd8JU6otB3PACgG6xkJUyVhboMS+bje/jA==",
      "license": "MIT",
      "engines": {
        "node": ">=6"
      }
    },
    "node_modules/fast-xml-builder": {
      "version": "1.3.1",
      "resolved": "https://registry.npmjs.org/fast-xml-builder/-/fast-xml-builder-1.3.1.tgz",
      "integrity": "sha512-pIM/1n3ntFXKYrUZwW7QCK0gAW7XY+wzj1YMIV3tLDvPj/V+zTGJK5e3/4WJfwj0qWw2ElNXiTixda/R+3YSug==",
      "funding": [
        {
          "type": "github",
          "url": "https://github.com/sponsors/NaturalIntelligence"
        }
      ],
      "license": "MIT",
      "dependencies": {
        "path-expression-matcher": "^1.6.2",
        "xml-naming": "^0.3.0"
      }
    },
    "node_modules/fast-xml-parser": {
      "version": "5.11.1",
      "resolved": "https://registry.npmjs.org/fast-xml-parser/-/fast-xml-parser-5.11.1.tgz",
      "integrity": "sha512-TBw6K/fxoQGGjCmZDw9w/ZwP3uDcnTM4YH/g+PFRWr8sbe5idXtxNN6vITh4+1ruCZaho6uBFurElsA7F0zzgw==",
      "funding": [
        {
          "type": "github",
          "url": "https://github.com/sponsors/NaturalIntelligence"
        }
      ],
      "license": "MIT",
      "dependencies": {
        "@nodable/entities": "^3.0.0",
        "fast-xml-builder": "^1.2.0",
        "is-unsafe": "^2.0.0",
        "path-expression-matcher": "^1.6.2",
        "strnum": "^2.4.2",
        "xml-naming": "^0.3.0"
      },
      "bin": {
        "fxparser": "src/cli/cli.js"
      }
    },
    "node_modules/fs-ext-extra-prebuilt": {
      "version": "2.2.7",
      "resolved": "https://registry.npmjs.org/fs-ext-extra-prebuilt/-/fs-ext-extra-prebuilt-2.2.7.tgz",
      "integrity": "sha512-Q7rayYRBDIvDF01HWOwSSjoaP+05N1g+o3BXL1Zf8Frw2JkjSmi4EtvCBITuW30l6hB2m2TW1pehdh8wyU/+gw==",
      "hasInstallScript": true,
      "license": "MIT",
      "dependencies": {
        "nan": "^2.24.0"
      },
      "engines": {
        "node": ">= 8.0.0"
      }
    },
    "node_modules/get-caller-file": {
      "version": "2.0.5",
      "resolved": "https://registry.npmjs.org/get-caller-file/-/get-caller-file-2.0.5.tgz",
      "integrity": "sha512-DyFP3BM/3YHTQOCUL/w0OZHR0lpKeGrxotcHWcqNEdnltqFwXVfhEBQ94eIo34AfQpo0rGki4cyIiftY06h2Fg==",
      "license": "ISC",
      "engines": {
        "node": "6.* || 8.* || >= 10.*"
      }
    },
    "node_modules/get-east-asian-width": {
      "version": "1.6.0",
      "resolved": "https://registry.npmjs.org/get-east-asian-width/-/get-east-asian-width-1.6.0.tgz",
      "integrity": "sha512-QRbvDIbx6YklUe6RxeTeleMR0yv3cYH6PsPZHcnVn7xv7zO1BHN8r0XETu8n6Ye3Q+ahtSarc3WgtNWmehIBfA==",
      "license": "MIT",
      "engines": {
        "node": ">=18"
      },
      "funding": {
        "url": "https://github.com/sponsors/sindresorhus"
      }
    },
    "node_modules/ini": {
      "version": "4.1.2",
      "resolved": "https://registry.npmjs.org/ini/-/ini-4.1.2.tgz",
      "integrity": "sha512-AMB1mvwR1pyBFY/nSevUX6y8nJWS63/SzUKD3JyQn97s4xgIdgQPT75IRouIiBAN4yLQBUShNYVW0+UG25daCw==",
      "license": "ISC",
      "engines": {
        "node": "^14.17.0 || ^16.13.0 || >=18.0.0"
      }
    },
    "node_modules/is-unsafe": {
      "version": "2.0.2",
      "resolved": "https://registry.npmjs.org/is-unsafe/-/is-unsafe-2.0.2.tgz",
      "integrity": "sha512-HgbIHPBH0KHHCcjLfGsCvhtPTVxjaAZlXjwdz7/GQC40SjSe4sfQsar8J5VFo8JOSbarkpV0OLG95bbaNd9aAQ==",
      "funding": [
        {
          "type": "github",
          "url": "https://github.com/sponsors/NaturalIntelligence"
        }
      ],
      "license": "MIT"
    },
    "node_modules/jsonc-parser": {
      "version": "3.3.1",
      "resolved": "https://registry.npmjs.org/jsonc-parser/-/jsonc-parser-3.3.1.tgz",
      "integrity": "sha512-HUgH65KyejrUFPvHFPbqOY0rsFip3Bo5wb4ngvdi1EpCYWUQDC5V+Y7mZws+DLkr4M//zQJoanu1SP+87Dv1oQ==",
      "license": "MIT"
    },
    "node_modules/lilconfig": {
      "version": "3.1.3",
      "resolved": "https://registry.npmjs.org/lilconfig/-/lilconfig-3.1.3.tgz",
      "integrity": "sha512-/vlFKAoH5Cgt3Ie+JLhRbwOsCQePABiU3tJ1egGvyQ+33R/vcwM2Zl2QR/LzjsBeItPt3oSVXapn+m4nQDvpzw==",
      "license": "MIT",
      "engines": {
        "node": ">=14"
      },
      "funding": {
        "url": "https://github.com/sponsors/antonk52"
      }
    },
    "node_modules/mitt": {
      "version": "3.0.1",
      "resolved": "https://registry.npmjs.org/mitt/-/mitt-3.0.1.tgz",
      "integrity": "sha512-vKivATfr97l2/QBCYAkXYDbrIWPM2IIKEl7YPhjCvKlG3kE2gm+uBo6nEXK3M5/Ffh/FLpKExzOQ3JJoJGFKBw==",
      "license": "MIT"
    },
    "node_modules/modern-tar": {
      "version": "0.8.5",
      "resolved": "https://registry.npmjs.org/modern-tar/-/modern-tar-0.8.5.tgz",
      "integrity": "sha512-snEhs+6G5Tjd4I7tLCDOaoln2RgE0bD19RzEKgvgK2hZ5VKy3MpLhLTZ2fWpXSTg4K2cyPwp+VHATFJhxfnOeA==",
      "license": "MIT",
      "engines": {
        "node": ">=18.0.0"
      }
    },
    "node_modules/nan": {
      "version": "2.28.0",
      "resolved": "https://registry.npmjs.org/nan/-/nan-2.28.0.tgz",
      "integrity": "sha512-fTsDz99OTq2sVePhGdp4qQhggZFtKr64ZNVyVajRKtMOkJxYekplBh577PiJB12v/D3s2E5cGtOI45LWp6rnLQ==",
      "license": "MIT"
    },
    "node_modules/path-expression-matcher": {
      "version": "1.6.2",
      "resolved": "https://registry.npmjs.org/path-expression-matcher/-/path-expression-matcher-1.6.2.tgz",
      "integrity": "sha512-enSlaiat05iasnzmgNxRj8reFdj3puY2QpNgP1aPIaVfT6nn9ICuPoFlKHk8EN22HcwewshO+mN2DGbkCEOtqQ==",
      "funding": [
        {
          "type": "github",
          "url": "https://github.com/sponsors/NaturalIntelligence"
        }
      ],
      "license": "MIT",
      "engines": {
        "node": ">=14.0.0"
      }
    },
    "node_modules/puppeteer": {
      "version": "25.10.0",
      "resolved": "https://registry.npmjs.org/puppeteer/-/puppeteer-25.10.0.tgz",
      "integrity": "sha512-9ZfkiaZDQWpGPJp9XTS+Bkn/D78hPvYmtjPfIBeybn05oeY6Jj7aiSbYdfcSQD2UMvC0vE7Yi9PSDo179euRzw==",
      "hasInstallScript": true,
      "license": "Apache-2.0",
      "dependencies": {
        "@puppeteer/browsers": "3.2.2",
        "chromium-bidi": "17.0.2",
        "devtools-protocol": "0.0.1666840",
        "lilconfig": "^3.1.3",
        "puppeteer-core": "25.10.0",
        "typed-query-selector": "^2.12.2"
      },
      "bin": {
        "puppeteer": "lib/puppeteer/node/cli.js"
      },
      "engines": {
        "node": ">=22.12.0"
      }
    },
    "node_modules/puppeteer-core": {
      "version": "25.10.0",
      "resolved": "https://registry.npmjs.org/puppeteer-core/-/puppeteer-core-25.10.0.tgz",
      "integrity": "sha512-Hy5eMQshOEMil4JUUx03h5pw1HYkYCso1RG/gcpPlFSd4cYPOcopxcXEAxpLPOkOPJb9LIJtwxuj66bSdvknFg==",
      "license": "Apache-2.0",
      "dependencies": {
        "@puppeteer/browsers": "3.2.2",
        "chromium-bidi": "17.0.2",
        "devtools-protocol": "0.0.1666840",
        "typed-query-selector": "^2.12.2",
        "webdriver-bidi-protocol": "0.4.3",
        "ws": "^8.21.3"
      },
      "engines": {
        "node": ">=22.12.0"
      }
    },
    "node_modules/puppeteer-core/node_modules/ws": {
      "version": "8.21.3",
      "resolved": "https://registry.npmjs.org/ws/-/ws-8.21.3.tgz",
      "integrity": "sha512-201TZ/kPWxoPr/OKWjquZR1SWKXcvxdH+e1xrx89b3YbmzLMFCLfnaG1HFIgWzJOEWZ7MvpK++odZufgYR50Rw==",
      "license": "MIT",
      "engines": {
        "node": ">=10.0.0"
      },
      "peerDependencies": {
        "bufferutil": "^4.0.1",
        "utf-8-validate": ">=5.0.2"
      },
      "peerDependenciesMeta": {
        "bufferutil": {
          "optional": true
        },
        "utf-8-validate": {
          "optional": true
        }
      }
    },
    "node_modules/string-width": {
      "version": "8.2.2",
      "resolved": "https://registry.npmjs.org/string-width/-/string-width-8.2.2.tgz",
      "integrity": "sha512-GaPUh5gfdrYzqeVNZvUfT23vYYxXzKYidUcnMtJg/3rxRV63EFZy3k6xfKlmfeJD0176lnUV/Usr3XcwSvFzpg==",
      "license": "MIT",
      "dependencies": {
        "get-east-asian-width": "^1.5.0",
        "strip-ansi": "^7.1.2"
      },
      "engines": {
        "node": ">=20"
      },
      "funding": {
        "url": "https://github.com/sponsors/sindresorhus"
      }
    },
    "node_modules/strip-ansi": {
      "version": "7.2.0",
      "resolved": "https://registry.npmjs.org/strip-ansi/-/strip-ansi-7.2.0.tgz",
      "integrity": "sha512-yDPMNjp4WyfYBkHnjIRLfca1i6KMyGCtsVgoKe/z1+6vukgaENdgGBZt+ZmKPc4gavvEZ5OgHfHdrazhgNyG7w==",
      "license": "MIT",
      "dependencies": {
        "ansi-regex": "^6.2.2"
      },
      "engines": {
        "node": ">=12"
      },
      "funding": {
        "url": "https://github.com/chalk/strip-ansi?sponsor=1"
      }
    },
    "node_modules/strnum": {
      "version": "2.4.2",
      "resolved": "https://registry.npmjs.org/strnum/-/strnum-2.4.2.tgz",
      "integrity": "sha512-rDG3Ah4TV0k1hWvLSzkZtMmLN9+eS+h3knq4MP6A42Y3Yh5qGNnOUs1jJkoSr8FG5dsL28c7KgkIBzSEykqtuw==",
      "funding": [
        {
          "type": "github",
          "url": "https://github.com/sponsors/NaturalIntelligence"
        }
      ],
      "license": "MIT",
      "dependencies": {
        "anynum": "^1.0.1"
      }
    },
    "node_modules/typed-query-selector": {
      "version": "2.12.2",
      "resolved": "https://registry.npmjs.org/typed-query-selector/-/typed-query-selector-2.12.2.tgz",
      "integrity": "sha512-EOPFbyIub4ngnEdqi2yOcNeDLaX/0jcE1JoAXQDDMIthap7FoN795lc/SHfIq2d416VufXpM8z/lD+WRm2gfOQ==",
      "license": "MIT"
    },
    "node_modules/wasm-feature-detect": {
      "version": "1.8.0",
      "resolved": "https://registry.npmjs.org/wasm-feature-detect/-/wasm-feature-detect-1.8.0.tgz",
      "integrity": "sha512-zksaLKM2fVlnB5jQQDqKXXwYHLQUVH9es+5TOOHwGOVJOCeRBCiPjwSg+3tN2AdTCzjgli4jijCH290kXb/zWQ==",
      "license": "Apache-2.0"
    },
    "node_modules/webdriver-bidi-protocol": {
      "version": "0.4.3",
      "resolved": "https://registry.npmjs.org/webdriver-bidi-protocol/-/webdriver-bidi-protocol-0.4.3.tgz",
      "integrity": "sha512-uuN0goWfxP22B7J/uAgBpOYNPttC+XVseYE+rSY5+rQ+YBeVz/VORw8WbmLVcqW78zNg5A4qnjNXYUWR3il2ig==",
      "license": "Apache-2.0"
    },
    "node_modules/wrap-ansi": {
      "version": "9.0.2",
      "resolved": "https://registry.npmjs.org/wrap-ansi/-/wrap-ansi-9.0.2.tgz",
      "integrity": "sha512-42AtmgqjV+X1VpdOfyTGOYRi0/zsoLqtXQckTmqTeybT+BDIbM/Guxo7x3pE2vtpr1ok6xRqM9OpBe+Jyoqyww==",
      "license": "MIT",
      "dependencies": {
        "ansi-styles": "^6.2.1",
        "string-width": "^7.0.0",
        "strip-ansi": "^7.1.0"
      },
      "engines": {
        "node": ">=18"
      },
      "funding": {
        "url": "https://github.com/chalk/wrap-ansi?sponsor=1"
      }
    },
    "node_modules/wrap-ansi/node_modules/string-width": {
      "version": "7.2.0",
      "resolved": "https://registry.npmjs.org/string-width/-/string-width-7.2.0.tgz",
      "integrity": "sha512-tsaTIkKW9b4N+AEj+SVA+WhJzV7/zMhcSu78mLKWSk7cXMOSHsBKFWUs0fWwq8QyK3MgJBQRX6Gbi4kYbdvGkQ==",
      "license": "MIT",
      "dependencies": {
        "emoji-regex": "^10.3.0",
        "get-east-asian-width": "^1.0.0",
        "strip-ansi": "^7.1.0"
      },
      "engines": {
        "node": ">=18"
      },
      "funding": {
        "url": "https://github.com/sponsors/sindresorhus"
      }
    },
    "node_modules/ws": {
      "version": "8.21.0",
      "resolved": "https://registry.npmjs.org/ws/-/ws-8.21.0.tgz",
      "integrity": "sha512-Vsp28b7DRcimFQvrqu2Wek3z1iYxDCWqHYB8Qsnk/S4RfaCQzPGPyBNuVjJV3cd6UiKtUtp6sNM77gWvzcCH+g==",
      "license": "MIT",
      "engines": {
        "node": ">=10.0.0"
      },
      "peerDependencies": {
        "bufferutil": "^4.0.1",
        "utf-8-validate": ">=5.0.2"
      },
      "peerDependenciesMeta": {
        "bufferutil": {
          "optional": true
        },
        "utf-8-validate": {
          "optional": true
        }
      }
    },
    "node_modules/xml-naming": {
      "version": "0.3.0",
      "resolved": "https://registry.npmjs.org/xml-naming/-/xml-naming-0.3.0.tgz",
      "integrity": "sha512-ghig2TBE/H11aOVgmahA3MhimvkBr6JIYknH/Dhdk10nXwdbIqBJsbfMxpvFPG8bAw77gN29aQWvKpmVoPlvPQ==",
      "funding": [
        {
          "type": "github",
          "url": "https://github.com/sponsors/NaturalIntelligence"
        }
      ],
      "license": "MIT",
      "engines": {
        "node": ">=16.0.0"
      }
    },
    "node_modules/y18n": {
      "version": "5.0.8",
      "resolved": "https://registry.npmjs.org/y18n/-/y18n-5.0.8.tgz",
      "integrity": "sha512-0pfFzegeDWJHJIAmTLRP2DwHjdF5s7jo9tuztdQxAhINCdvS+3nGINqPd00AphqJR/0LhANUS6/+7SCb98YOfA==",
      "license": "ISC",
      "engines": {
        "node": ">=10"
      }
    },
    "node_modules/yargs": {
      "version": "18.1.0",
      "resolved": "https://registry.npmjs.org/yargs/-/yargs-18.1.0.tgz",
      "integrity": "sha512-2rAgRKu54VsHkqI0/tYkmluGXHD4KW7yZoycuqDQ15QOTnc2VVfy0nN/1eMhnQLO00A+dwtK20xuCnc1YGeUyg==",
      "license": "MIT",
      "dependencies": {
        "cliui": "^9.0.1",
        "escalade": "^3.1.1",
        "get-caller-file": "^2.0.5",
        "string-width": "^8.2.1",
        "y18n": "^5.0.5",
        "yargs-parser": "^22.0.0"
      },
      "engines": {
        "node": "^20.19.0 || ^22.12.0 || >=23"
      }
    },
    "node_modules/yargs-parser": {
      "version": "22.0.0",
      "resolved": "https://registry.npmjs.org/yargs-parser/-/yargs-parser-22.0.0.tgz",
      "integrity": "sha512-rwu/ClNdSMpkSrUb+d6BRsSkLUq1fmfsY6TOpYzTwvwkg1/NRG85KBy3kq++A8LKQwX6lsu+aWad+2khvuXrqw==",
      "license": "ISC",
      "engines": {
        "node": "^20.19.0 || ^22.12.0 || >=23"
      }
    },
    "node_modules/zod": {
      "version": "3.25.76",
      "resolved": "https://registry.npmjs.org/zod/-/zod-3.25.76.tgz",
      "integrity": "sha512-gzUt/qt81nXsFGKIFcC3YnfEAx5NkunCfnDlvuBSSFS02bcXu4Lmea0AFIUwbLWxWPx3d9p8S5QoaujKcNQxcQ==",
      "license": "MIT",
      "funding": {
        "url": "https://github.com/sponsors/colinhacks"
      }
    }
  }
}
